
Microsoft Visual Studio Solution File, Format Version 12.00
# Visual Studio Version 16
VisualStudioVersion = 16.0.30503.244
MinimumVisualStudioVersion = 10.0.40219.1
Project("{FAE04EC0-301F-11D3-BF4B-00C04F79EFBC}") = "kitepcheenglish", "kitepcheenglish\kitepcheenglish.csproj", "{0709BAB1-7BFC-48D9-BBF3-2E67EB6FAE7B}"
EndProject
Global
	GlobalSection(SolutionConfigurationPlatforms) = preSolution
		Debug|Any CPU = Debug|Any CPU
		Release|Any CPU = Release|Any CPU
	EndGlobalSection
	GlobalSection(ProjectConfigurationPlatforms) = postSolution
		{0709BAB1-7BFC-48D9-BBF3-2E67EB6FAE7B}.Debug|Any CPU.ActiveCfg = Debug|Any CPU
		{0709BAB1-7BFC-48D9-BBF3-2E67EB6FAE7B}.Debug|Any CPU.Build.0 = Debug|Any CPU
		{0709BAB1-7BFC-48D9-BBF3-2E67EB6FAE7B}.Release|Any CPU.ActiveCfg = Release|Any CPU
		{0709BAB1-7BFC-48D9-BBF3-2E67EB6FAE7B}.Release|Any CPU.Build.0 = Release|Any CPU
	EndGlobalSection
	GlobalSection(SolutionProperties) = preSolution
		HideSolutionNode = FALSE
	EndGlobalSection
	GlobalSection(ExtensibilityGlobals) = postSolution
		SolutionGuid = {666AFC6D-E98C-49A7-967A-51AF732F8881}
	EndGlobalSection
EndGlobal
